// !$*UTF8*$!
{
	archiveVersion = 1;
	classes = {
	};
	objectVersion = 51;
	objects = {

/* Begin PBXBuildFile section */
		1DE6CFEC2349B73E00A0356D /* AppDelegate.m in Sources */ = {isa = PBXBuildFile; fileRef = 1DE6CFEB2349B73E00A0356D /* AppDelegate.m */; };
		1DE6CFEE2349B74000A0356D /* Assets.xcassets in Resources */ = {isa = PBXBuildFile; fileRef = 1DE6CFED2349B74000A0356D /* Assets.xcassets */; };
		1DE6CFF12349B74000A0356D /* MainMenu.xib in Resources */ = {isa = PBXBuildFile; fileRef = 1DE6CFEF2349B74000A0356D /* MainMenu.xib */; };
		1DE6CFF42349B74000A0356D /* main.m in Sources */ = {isa = PBXBuildFile; fileRef = 1DE6CFF32349B74000A0356D /* main.m */; };
		1DE6D0002349B7D900A0356D /* Magic_Game_Heal_Buff.wav in Resources */ = {isa = PBXBuildFile; fileRef = 1DE6CFFB2349B7D800A0356D /* Magic_Game_Heal_Buff.wav */; };
		1DE6D0012349B7D900A0356D /* evil_fifty_year_old.wav in Resources */ = {isa = PBXBuildFile; fileRef = 1DE6CFFC2349B7D900A0356D /* evil_fifty_year_old.wav */; };
		1DE6D0022349B7D900A0356D /* Ancient_Game_Magic_Revive.wav in Resources */ = {isa = PBXBuildFile; fileRef = 1DE6CFFD2349B7D900A0356D /* Ancient_Game_Magic_Revive.wav */; };
		1DE6D0032349B7D900A0356D /* Healing_Spell_Light_Buff.wav in Resources */ = {isa = PBXBuildFile; fileRef = 1DE6CFFE2349B7D900A0356D /* Healing_Spell_Light_Buff.wav */; };
		1DE6D0042349B7D900A0356D /* Sword_Of_Light.wav in Resources */ = {isa = PBXBuildFile; fileRef = 1DE6CFFF2349B7D900A0356D /* Sword_Of_Light.wav */; };
		1DE6D0072349B7E300A0356D /* GPCTSCRM.py in Resources */ = {isa = PBXBuildFile; fileRef = 1DE6D0052349B7E300A0356D /* GPCTSCRM.py */; };
		1DE6D0082349B7E300A0356D /* GPCTSCRM_Pred.py in Resources */ = {isa = PBXBuildFile; fileRef = 1DE6D0062349B7E300A0356D /* GPCTSCRM_Pred.py */; };
		1DE6D0242349B8BF00A0356D /* gplearn in Resources */ = {isa = PBXBuildFile; fileRef = 1DE6D0232349B8BF00A0356D /* gplearn */; };
		1DE6D0282349B93A00A0356D /* Python.framework in Frameworks */ = {isa = PBXBuildFile; fileRef = 1DE6D0262349B93A00A0356D /* Python.framework */; };
		1DE6D0292349B93A00A0356D /* libpython2.7.tbd in Frameworks */ = {isa = PBXBuildFile; fileRef = 1DE6D0272349B93A00A0356D /* libpython2.7.tbd */; };
		1DEFB5B72349C57F00ADB324 /* filesanim3f1.txt in Resources */ = {isa = PBXBuildFile; fileRef = 1DEFB5B42349C57F00ADB324 /* filesanim3f1.txt */; };
		1DEFB5B82349C57F00ADB324 /* filesanim.txt in Resources */ = {isa = PBXBuildFile; fileRef = 1DEFB5B52349C57F00ADB324 /* filesanim.txt */; };
		1DEFB5B92349C57F00ADB324 /* filesanim1inv.txt in Resources */ = {isa = PBXBuildFile; fileRef = 1DEFB5B62349C57F00ADB324 /* filesanim1inv.txt */; };
		1DEFB5BF2349E9F600ADB324 /* hermeticspellbook3d.ttf in Resources */ = {isa = PBXBuildFile; fileRef = 1DEFB5BA2349E9F600ADB324 /* hermeticspellbook3d.ttf */; };
		1DEFB5C02349E9F600ADB324 /* hermeticspellbookital.ttf in Resources */ = {isa = PBXBuildFile; fileRef = 1DEFB5BB2349E9F600ADB324 /* hermeticspellbookital.ttf */; };
		1DEFB5C12349E9F600ADB324 /* Season of the Witch Black.ttf in Resources */ = {isa = PBXBuildFile; fileRef = 1DEFB5BC2349E9F600ADB324 /* Season of the Witch Black.ttf */; };
		1DEFB5C22349E9F600ADB324 /* hermeticspellbook.ttf in Resources */ = {isa = PBXBuildFile; fileRef = 1DEFB5BD2349E9F600ADB324 /* hermeticspellbook.ttf */; };
		1DEFB5C32349E9F600ADB324 /* Font Alien.ttf in Resources */ = {isa = PBXBuildFile; fileRef = 1DEFB5BE2349E9F600ADB324 /* Font Alien.ttf */; };
		1DEFB5C5234A1CAA00ADB324 /* MainController.mm in Sources */ = {isa = PBXBuildFile; fileRef = 1DEFB5C4234A1CAA00ADB324 /* MainController.mm */; };
/* End PBXBuildFile section */

/* Begin PBXFileReference section */
		1DE6CFE72349B73E00A0356D /* SpellBook.app */ = {isa = PBXFileReference; explicitFileType = wrapper.application; includeInIndex = 0; path = SpellBook.app; sourceTree = BUILT_PRODUCTS_DIR; };
		1DE6CFEA2349B73E00A0356D /* AppDelegate.h */ = {isa = PBXFileReference; lastKnownFileType = sourcecode.c.h; path = AppDelegate.h; sourceTree = "<group>"; };
		1DE6CFEB2349B73E00A0356D /* AppDelegate.m */ = {isa = PBXFileReference; lastKnownFileType = sourcecode.c.objc; path = AppDelegate.m; sourceTree = "<group>"; };
		1DE6CFED2349B74000A0356D /* Assets.xcassets */ = {isa = PBXFileReference; lastKnownFileType = folder.assetcatalog; path = Assets.xcassets; sourceTree = "<group>"; };
		1DE6CFF02349B74000A0356D /* Base */ = {isa = PBXFileReference; lastKnownFileType = file.xib; name = Base; path = Base.lproj/MainMenu.xib; sourceTree = "<group>"; };
		1DE6CFF22349B74000A0356D /* Info.plist */ = {isa = PBXFileReference; lastKnownFileType = text.plist.xml; path = Info.plist; sourceTree = "<group>"; };
		1DE6CFF32349B74000A0356D /* main.m */ = {isa = PBXFileReference; lastKnownFileType = sourcecode.c.objc; path = main.m; sourceTree = "<group>"; };
		1DE6CFF52349B74000A0356D /* SpellBook.entitlements */ = {isa = PBXFileReference; lastKnownFileType = text.plist.entitlements; path = SpellBook.entitlements; sourceTree = "<group>"; };
		1DE6CFFB2349B7D800A0356D /* Magic_Game_Heal_Buff.wav */ = {isa = PBXFileReference; lastKnownFileType = audio.wav; name = Magic_Game_Heal_Buff.wav; path = sounds/Magic_Game_Heal_Buff.wav; sourceTree = "<group>"; };
		1DE6CFFC2349B7D900A0356D /* evil_fifty_year_old.wav */ = {isa = PBXFileReference; lastKnownFileType = audio.wav; name = evil_fifty_year_old.wav; path = sounds/evil_fifty_year_old.wav; sourceTree = "<group>"; };
		1DE6CFFD2349B7D900A0356D /* Ancient_Game_Magic_Revive.wav */ = {isa = PBXFileReference; lastKnownFileType = audio.wav; name = Ancient_Game_Magic_Revive.wav; path = sounds/Ancient_Game_Magic_Revive.wav; sourceTree = "<group>"; };
		1DE6CFFE2349B7D900A0356D /* Healing_Spell_Light_Buff.wav */ = {isa = PBXFileReference; lastKnownFileType = audio.wav; name = Healing_Spell_Light_Buff.wav; path = sounds/Healing_Spell_Light_Buff.wav; sourceTree = "<group>"; };
		1DE6CFFF2349B7D900A0356D /* Sword_Of_Light.wav */ = {isa = PBXFileReference; lastKnownFileType = audio.wav; name = Sword_Of_Light.wav; path = sounds/Sword_Of_Light.wav; sourceTree = "<group>"; };
		1DE6D0052349B7E300A0356D /* GPCTSCRM.py */ = {isa = PBXFileReference; fileEncoding = 4; lastKnownFileType = text.script.python; name = GPCTSCRM.py; path = pythonres/GPCTSCRM.py; sourceTree = "<group>"; };
		1DE6D0062349B7E300A0356D /* GPCTSCRM_Pred.py */ = {isa = PBXFileReference; fileEncoding = 4; lastKnownFileType = text.script.python; name = GPCTSCRM_Pred.py; path = pythonres/GPCTSCRM_Pred.py; sourceTree = "<group>"; };
		1DE6D0232349B8BF00A0356D /* gplearn */ = {isa = PBXFileReference; lastKnownFileType = folder; path = gplearn; sourceTree = "<group>"; };
		1DE6D0262349B93A00A0356D /* Python.framework */ = {isa = PBXFileReference; lastKnownFileType = wrapper.framework; name = Python.framework; path = System/Library/Frameworks/Python.framework; sourceTree = SDKROOT; };
		1DE6D0272349B93A00A0356D /* libpython2.7.tbd */ = {isa = PBXFileReference; lastKnownFileType = "sourcecode.text-based-dylib-definition"; name = libpython2.7.tbd; path = usr/lib/libpython2.7.tbd; sourceTree = SDKROOT; };
		1DEFB5B42349C57F00ADB324 /* filesanim3f1.txt */ = {isa = PBXFileReference; fileEncoding = 4; lastKnownFileType = text; name = filesanim3f1.txt; path = images_res/filesanim3f1.txt; sourceTree = "<group>"; };
		1DEFB5B52349C57F00ADB324 /* filesanim.txt */ = {isa = PBXFileReference; fileEncoding = 4; lastKnownFileType = text; name = filesanim.txt; path = images_res/filesanim.txt; sourceTree = "<group>"; };
		1DEFB5B62349C57F00ADB324 /* filesanim1inv.txt */ = {isa = PBXFileReference; fileEncoding = 4; lastKnownFileType = text; name = filesanim1inv.txt; path = images_res/filesanim1inv.txt; sourceTree = "<group>"; };
		1DEFB5BA2349E9F600ADB324 /* hermeticspellbook3d.ttf */ = {isa = PBXFileReference; lastKnownFileType = file; name = hermeticspellbook3d.ttf; path = fonts/hermetic_spellbook/hermeticspellbook3d.ttf; sourceTree = "<group>"; };
		1DEFB5BB2349E9F600ADB324 /* hermeticspellbookital.ttf */ = {isa = PBXFileReference; lastKnownFileType = file; name = hermeticspellbookital.ttf; path = fonts/hermetic_spellbook/hermeticspellbookital.ttf; sourceTree = "<group>"; };
		1DEFB5BC2349E9F600ADB324 /* Season of the Witch Black.ttf */ = {isa = PBXFileReference; lastKnownFileType = file; name = "Season of the Witch Black.ttf"; path = "fonts/Season of the Witch Black.ttf"; sourceTree = "<group>"; };
		1DEFB5BD2349E9F600ADB324 /* hermeticspellbook.ttf */ = {isa = PBXFileReference; lastKnownFileType = file; name = hermeticspellbook.ttf; path = fonts/hermetic_spellbook/hermeticspellbook.ttf; sourceTree = "<group>"; };
		1DEFB5BE2349E9F600ADB324 /* Font Alien.ttf */ = {isa = PBXFileReference; lastKnownFileType = file; name = "Font Alien.ttf"; path = "fonts/alien_gantz/Font Alien.ttf"; sourceTree = "<group>"; };
		1DEFB5C4234A1CAA00ADB324 /* MainController.mm */ = {isa = PBXFileReference; lastKnownFileType = sourcecode.cpp.objcpp; path = MainController.mm; sourceTree = "<group>"; };
		1DEFB5C6234A1CBE00ADB324 /* MainController.h */ = {isa = PBXFileReference; lastKnownFileType = sourcecode.c.h; path = MainController.h; sourceTree = "<group>"; };
/* End PBXFileReference section */

/* Begin PBXFrameworksBuildPhase section */
		1DE6CFE42349B73E00A0356D /* Frameworks */ = {
			isa = PBXFrameworksBuildPhase;
			buildActionMask = 2147483647;
			files = (
				1DE6D0282349B93A00A0356D /* Python.framework in Frameworks */,
				1DE6D0292349B93A00A0356D /* libpython2.7.tbd in Frameworks */,
			);
			runOnlyForDeploymentPostprocessing = 0;
		};
/* End PBXFrameworksBuildPhase section */

/* Begin PBXGroup section */
		1DE6CFDE2349B73E00A0356D = {
			isa = PBXGroup;
			children = (
				1DE6CFE92349B73E00A0356D /* SpellBook */,
				1DE6CFE82349B73E00A0356D /* Products */,
				1DE6D0252349B93A00A0356D /* Frameworks */,
			);
			sourceTree = "<group>";
		};
		1DE6CFE82349B73E00A0356D /* Products */ = {
			isa = PBXGroup;
			children = (
				1DE6CFE72349B73E00A0356D /* SpellBook.app */,
			);
			name = Products;
			sourceTree = "<group>";
		};
		1DE6CFE92349B73E00A0356D /* SpellBook */ = {
			isa = PBXGroup;
			children = (
				1DEFB5BE2349E9F600ADB324 /* Font Alien.ttf */,
				1DEFB5BD2349E9F600ADB324 /* hermeticspellbook.ttf */,
				1DEFB5BA2349E9F600ADB324 /* hermeticspellbook3d.ttf */,
				1DEFB5BB2349E9F600ADB324 /* hermeticspellbookital.ttf */,
				1DEFB5BC2349E9F600ADB324 /* Season of the Witch Black.ttf */,
				1DEFB5B52349C57F00ADB324 /* filesanim.txt */,
				1DEFB5B62349C57F00ADB324 /* filesanim1inv.txt */,
				1DEFB5B42349C57F00ADB324 /* filesanim3f1.txt */,
				1DE6D0232349B8BF00A0356D /* gplearn */,
				1DE6D0062349B7E300A0356D /* GPCTSCRM_Pred.py */,
				1DE6D0052349B7E300A0356D /* GPCTSCRM.py */,
				1DE6CFFD2349B7D900A0356D /* Ancient_Game_Magic_Revive.wav */,
				1DE6CFFC2349B7D900A0356D /* evil_fifty_year_old.wav */,
				1DE6CFFE2349B7D900A0356D /* Healing_Spell_Light_Buff.wav */,
				1DE6CFFB2349B7D800A0356D /* Magic_Game_Heal_Buff.wav */,
				1DE6CFFF2349B7D900A0356D /* Sword_Of_Light.wav */,
				1DE6CFEA2349B73E00A0356D /* AppDelegate.h */,
				1DE6CFEB2349B73E00A0356D /* AppDelegate.m */,
				1DE6CFED2349B74000A0356D /* Assets.xcassets */,
				1DE6CFEF2349B74000A0356D /* MainMenu.xib */,
				1DE6CFF22349B74000A0356D /* Info.plist */,
				1DE6CFF32349B74000A0356D /* main.m */,
				1DE6CFF52349B74000A0356D /* SpellBook.entitlements */,
				1DEFB5C4234A1CAA00ADB324 /* MainController.mm */,
				1DEFB5C6234A1CBE00ADB324 /* MainController.h */,
			);
			path = SpellBook;
			sourceTree = "<group>";
		};
		1DE6D0252349B93A00A0356D /* Frameworks */ = {
			isa = PBXGroup;
			children = (
				1DE6D0272349B93A00A0356D /* libpython2.7.tbd */,
				1DE6D0262349B93A00A0356D /* Python.framework */,
			);
			name = Frameworks;
			sourceTree = "<group>";
		};
/* End PBXGroup section */

/* Begin PBXNativeTarget section */
		1DE6CFE62349B73E00A0356D /* SpellBook */ = {
			isa = PBXNativeTarget;
			buildConfigurationList = 1DE6CFF82349B74000A0356D /* Build configuration list for PBXNativeTarget "SpellBook" */;
			buildPhases = (
				1DE6CFE32349B73E00A0356D /* Sources */,
				1DE6CFE42349B73E00A0356D /* Frameworks */,
				1DE6CFE52349B73E00A0356D /* Resources */,
			);
			buildRules = (
			);
			dependencies = (
			);
			name = SpellBook;
			productName = SpellBook;
			productReference = 1DE6CFE72349B73E00A0356D /* SpellBook.app */;
			productType = "com.apple.product-type.application";
		};
/* End PBXNativeTarget section */

/* Begin PBXProject section */
		1DE6CFDF2349B73E00A0356D /* Project object */ = {
			isa = PBXProject;
			attributes = {
				LastUpgradeCheck = 1030;
				ORGANIZATIONNAME = "Rick Sanchez";
				TargetAttributes = {
					1DE6CFE62349B73E00A0356D = {
						CreatedOnToolsVersion = 10.3;
					};
				};
			};
			buildConfigurationList = 1DE6CFE22349B73E00A0356D /* Build configuration list for PBXProject "SpellBook" */;
			compatibilityVersion = "Xcode 10.0";
			developmentRegion = en;
			hasScannedForEncodings = 0;
			knownRegions = (
				en,
				Base,
			);
			mainGroup = 1DE6CFDE2349B73E00A0356D;
			productRefGroup = 1DE6CFE82349B73E00A0356D /* Products */;
			projectDirPath = "";
			projectRoot = "";
			targets = (
				1DE6CFE62349B73E00A0356D /* SpellBook */,
			);
		};
/* End PBXProject section */

/* Begin PBXResourcesBuildPhase section */
		1DE6CFE52349B73E00A0356D /* Resources */ = {
			isa = PBXResourcesBuildPhase;
			buildActionMask = 2147483647;
			files = (
				1DEFB5C32349E9F600ADB324 /* Font Alien.ttf in Resources */,
				1DE6D0042349B7D900A0356D /* Sword_Of_Light.wav in Resources */,
				1DE6D0002349B7D900A0356D /* Magic_Game_Heal_Buff.wav in Resources */,
				1DEFB5BF2349E9F600ADB324 /* hermeticspellbook3d.ttf in Resources */,
				1DE6CFEE2349B74000A0356D /* Assets.xcassets in Resources */,
				1DEFB5C12349E9F600ADB324 /* Season of the Witch Black.ttf in Resources */,
				1DEFB5B92349C57F00ADB324 /* filesanim1inv.txt in Resources */,
				1DE6D0012349B7D900A0356D /* evil_fifty_year_old.wav in Resources */,
				1DE6D0022349B7D900A0356D /* Ancient_Game_Magic_Revive.wav in Resources */,
				1DEFB5C22349E9F600ADB324 /* hermeticspellbook.ttf in Resources */,
				1DE6D0072349B7E300A0356D /* GPCTSCRM.py in Resources */,
				1DEFB5B72349C57F00ADB324 /* filesanim3f1.txt in Resources */,
				1DEFB5B82349C57F00ADB324 /* filesanim.txt in Resources */,
				1DEFB5C02349E9F600ADB324 /* hermeticspellbookital.ttf in Resources */,
				1DE6D0032349B7D900A0356D /* Healing_Spell_Light_Buff.wav in Resources */,
				1DE6D0082349B7E300A0356D /* GPCTSCRM_Pred.py in Resources */,
				1DE6D0242349B8BF00A0356D /* gplearn in Resources */,
				1DE6CFF12349B74000A0356D /* MainMenu.xib in Resources */,
			);
			runOnlyForDeploymentPostprocessing = 0;
		};
/* End PBXResourcesBuildPhase section */

/* Begin PBXSourcesBuildPhase section */
		1DE6CFE32349B73E00A0356D /* Sources */ = {
			isa = PBXSourcesBuildPhase;
			buildActionMask = 2147483647;
			files = (
				1DE6CFF42349B74000A0356D /* main.m in Sources */,
				1DEFB5C5234A1CAA00ADB324 /* MainController.mm in Sources */,
				1DE6CFEC2349B73E00A0356D /* AppDelegate.m in Sources */,
			);
			runOnlyForDeploymentPostprocessing = 0;
		};
/* End PBXSourcesBuildPhase section */

/* Begin PBXVariantGroup section */
		1DE6CFEF2349B74000A0356D /* MainMenu.xib */ = {
			isa = PBXVariantGroup;
			children = (
				1DE6CFF02349B74000A0356D /* Base */,
			);
			name = MainMenu.xib;
			sourceTree = "<group>";
		};
/* End PBXVariantGroup section */

/* Begin XCBuildConfiguration section */
		1DE6CFF62349B74000A0356D /* Debug */ = {
			isa = XCBuildConfiguration;
			buildSettings = {
				ALWAYS_SEARCH_USER_PATHS = NO;
				CLANG_ANALYZER_NONNULL = YES;
				CLANG_ANALYZER_NUMBER_OBJECT_CONVERSION = YES_AGGRESSIVE;
				CLANG_CXX_LANGUAGE_STANDARD = "gnu++14";
				CLANG_CXX_LIBRARY = "libc++";
				CLANG_ENABLE_MODULES = YES;
				CLANG_ENABLE_OBJC_ARC = YES;
				CLANG_ENABLE_OBJC_WEAK = YES;
				CLANG_WARN_BLOCK_CAPTURE_AUTORELEASING = YES;
				CLANG_WARN_BOOL_CONVERSION = YES;
				CLANG_WARN_COMMA = YES;
				CLANG_WARN_CONSTANT_CONVERSION = YES;
				CLANG_WARN_DEPRECATED_OBJC_IMPLEMENTATIONS = YES;
				CLANG_WARN_DIRECT_OBJC_ISA_USAGE = YES_ERROR;
				CLANG_WARN_DOCUMENTATION_COMMENTS = YES;
				CLANG_WARN_EMPTY_BODY = YES;
				CLANG_WARN_ENUM_CONVERSION = YES;
				CLANG_WARN_INFINITE_RECURSION = YES;
				CLANG_WARN_INT_CONVERSION = YES;
				CLANG_WARN_NON_LITERAL_NULL_CONVERSION = YES;
				CLANG_WARN_OBJC_IMPLICIT_RETAIN_SELF = YES;
				CLANG_WARN_OBJC_LITERAL_CONVERSION = YES;
				CLANG_WARN_OBJC_ROOT_CLASS = YES_ERROR;
				CLANG_WARN_RANGE_LOOP_ANALYSIS = YES;
				CLANG_WARN_STRICT_PROTOTYPES = YES;
				CLANG_WARN_SUSPICIOUS_MOVE = YES;
				CLANG_WARN_UNGUARDED_AVAILABILITY = YES_AGGRESSIVE;
				CLANG_WARN_UNREACHABLE_CODE = YES;
				CLANG_WARN__DUPLICATE_METHOD_MATCH = YES;
				CODE_SIGN_IDENTITY = "-";
				COPY_PHASE_STRIP = NO;
				DEBUG_INFORMATION_FORMAT = dwarf;
				ENABLE_STRICT_OBJC_MSGSEND = YES;
				ENABLE_TESTABILITY = YES;
				GCC_C_LANGUAGE_STANDARD = gnu11;
				GCC_DYNAMIC_NO_PIC = NO;
				GCC_NO_COMMON_BLOCKS = YES;
				GCC_OPTIMIZATION_LEVEL = 0;
				GCC_PREPROCESSOR_DEFINITIONS = (
					"DEBUG=1",
					"$(inherited)",
				);
				GCC_WARN_64_TO_32_BIT_CONVERSION = YES;
				GCC_WARN_ABOUT_RETURN_TYPE = YES_ERROR;
				GCC_WARN_UNDECLARED_SELECTOR = YES;
				GCC_WARN_UNINITIALIZED_AUTOS = YES_AGGRESSIVE;
				GCC_WARN_UNUSED_FUNCTION = YES;
				GCC_WARN_UNUSED_VARIABLE = YES;
				MACOSX_DEPLOYMENT_TARGET = 10.14;
				MTL_ENABLE_DEBUG_INFO = INCLUDE_SOURCE;
				MTL_FAST_MATH = YES;
				ONLY_ACTIVE_ARCH = YES;
				SDKROOT = macosx;
			};
			name = Debug;
		};
		1DE6CFF72349B74000A0356D /* Release */ = {
			isa = XCBuildConfiguration;
			buildSettings = {
				ALWAYS_SEARCH_USER_PATHS = NO;
				CLANG_ANALYZER_NONNULL = YES;
				CLANG_ANALYZER_NUMBER_OBJECT_CONVERSION = YES_AGGRESSIVE;
				CLANG_CXX_LANGUAGE_STANDARD = "gnu++14";
				CLANG_CXX_LIBRARY = "libc++";
				CLANG_ENABLE_MODULES = YES;
				CLANG_ENABLE_OBJC_ARC = YES;
				CLANG_ENABLE_OBJC_WEAK = YES;
				CLANG_WARN_BLOCK_CAPTURE_AUTORELEASING = YES;
				CLANG_WARN_BOOL_CONVERSION = YES;
				CLANG_WARN_COMMA = YES;
				CLANG_WARN_CONSTANT_CONVERSION = YES;
				CLANG_WARN_DEPRECATED_OBJC_IMPLEMENTATIONS = YES;
				CLANG_WARN_DIRECT_OBJC_ISA_USAGE = YES_ERROR;
				CLANG_WARN_DOCUMENTATION_COMMENTS = YES;
				CLANG_WARN_EMPTY_BODY = YES;
				CLANG_WARN_ENUM_CONVERSION = YES;
				CLANG_WARN_INFINITE_RECURSION = YES;
				CLANG_WARN_INT_CONVERSION = YES;
				CLANG_WARN_NON_LITERAL_NULL_CONVERSION = YES;
				CLANG_WARN_OBJC_IMPLICIT_RETAIN_SELF = YES;
				CLANG_WARN_OBJC_LITERAL_CONVERSION = YES;
				CLANG_WARN_OBJC_ROOT_CLASS = YES_ERROR;
				CLANG_WARN_RANGE_LOOP_ANALYSIS = YES;
				CLANG_WARN_STRICT_PROTOTYPES = YES;
				CLANG_WARN_SUSPICIOUS_MOVE = YES;
				CLANG_WARN_UNGUARDED_AVAILABILITY = YES_AGGRESSIVE;
				CLANG_WARN_UNREACHABLE_CODE = YES;
				CLANG_WARN__DUPLICATE_METHOD_MATCH = YES;
				CODE_SIGN_IDENTITY = "-";
				COPY_PHASE_STRIP = NO;
				DEBUG_INFORMATION_FORMAT = "dwarf-with-dsym";
				ENABLE_NS_ASSERTIONS = NO;
				ENABLE_STRICT_OBJC_MSGSEND = YES;
				GCC_C_LANGUAGE_STANDARD = gnu11;
				GCC_NO_COMMON_BLOCKS = YES;
				GCC_WARN_64_TO_32_BIT_CONVERSION = YES;
				GCC_WARN_ABOUT_RETURN_TYPE = YES_ERROR;
				GCC_WARN_UNDECLARED_SELECTOR = YES;
				GCC_WARN_UNINITIALIZED_AUTOS = YES_AGGRESSIVE;
				GCC_WARN_UNUSED_FUNCTION = YES;
				GCC_WARN_UNUSED_VARIABLE = YES;
				MACOSX_DEPLOYMENT_TARGET = 10.14;
				MTL_ENABLE_DEBUG_INFO = NO;
				MTL_FAST_MATH = YES;
				SDKROOT = macosx;
			};
			name = Release;
		};
		1DE6CFF92349B74000A0356D /* Debug */ = {
			isa = XCBuildConfiguration;
			buildSettings = {
				ASSETCATALOG_COMPILER_APPICON_NAME = AppIcon;
				CODE_SIGN_ENTITLEMENTS = SpellBook/SpellBook.entitlements;
				CODE_SIGN_IDENTITY = "Mac Developer: cyrilcoelho67@gmail.com (LXP6A77KFW)";
				CODE_SIGN_INJECT_BASE_ENTITLEMENTS = NO;
				CODE_SIGN_STYLE = Manual;
				COMBINE_HIDPI_IMAGES = YES;
				DEVELOPMENT_TEAM = 32ZU94D59P;
				INFOPLIST_FILE = SpellBook/Info.plist;
				LD_RUNPATH_SEARCH_PATHS = (
					"$(inherited)",
					"@executable_path/../Frameworks",
				);
				MACOSX_DEPLOYMENT_TARGET = 10.9;
				PRODUCT_BUNDLE_IDENTIFIER = fr.informabox.SpellBook;
				PRODUCT_NAME = "$(TARGET_NAME)";
				PROVISIONING_PROFILE_SPECIFIER = "";
			};
			name = Debug;
		};
		1DE6CFFA2349B74000A0356D /* Release */ = {
			isa = XCBuildConfiguration;
			buildSettings = {
				ASSETCATALOG_COMPILER_APPICON_NAME = AppIcon;
				CODE_SIGN_ENTITLEMENTS = SpellBook/SpellBook.entitlements;
				CODE_SIGN_IDENTITY = "Mac Developer: cyrilcoelho67@gmail.com (LXP6A77KFW)";
				CODE_SIGN_INJECT_BASE_ENTITLEMENTS = NO;
				CODE_SIGN_STYLE = Manual;
				COMBINE_HIDPI_IMAGES = YES;
				DEVELOPMENT_TEAM = 32ZU94D59P;
				INFOPLIST_FILE = SpellBook/Info.plist;
				LD_RUNPATH_SEARCH_PATHS = (
					"$(inherited)",
					"@executable_path/../Frameworks",
				);
				MACOSX_DEPLOYMENT_TARGET = 10.9;
				PRODUCT_BUNDLE_IDENTIFIER = fr.informabox.SpellBook;
				PRODUCT_NAME = "$(TARGET_NAME)";
				PROVISIONING_PROFILE_SPECIFIER = "";
			};
			name = Release;
		};
/* End XCBuildConfiguration section */

/* Begin XCConfigurationList section */
		1DE6CFE22349B73E00A0356D /* Build configuration list for PBXProject "SpellBook" */ = {
			isa = XCConfigurationList;
			buildConfigurations = (
				1DE6CFF62349B74000A0356D /* Debug */,
				1DE6CFF72349B74000A0356D /* Release */,
			);
			defaultConfigurationIsVisible = 0;
			defaultConfigurationName = Release;
		};
		1DE6CFF82349B74000A0356D /* Build configuration list for PBXNativeTarget "SpellBook" */ = {
			isa = XCConfigurationList;
			buildConfigurations = (
				1DE6CFF92349B74000A0356D /* Debug */,
				1DE6CFFA2349B74000A0356D /* Release */,
			);
			defaultConfigurationIsVisible = 0;
			defaultConfigurationName = Release;
		};
/* End XCConfigurationList section */
	};
	rootObject = 1DE6CFDF2349B73E00A0356D /* Project object */;
}
