// !$*UTF8*$!
{
	archiveVersion = 1;
	classes = {
	};
	objectVersion = 50;
	objects = {

/* Begin PBXBuildFile section */
		1D45BDBA234992F2008510A9 /* AppDelegate.m in Sources */ = {isa = PBXBuildFile; fileRef = 1D45BDB9234992F2008510A9 /* AppDelegate.m */; };
		1D45BDBC234992F5008510A9 /* Assets.xcassets in Resources */ = {isa = PBXBuildFile; fileRef = 1D45BDBB234992F5008510A9 /* Assets.xcassets */; };
		1D45BDBF234992F5008510A9 /* MainMenu.xib in Resources */ = {isa = PBXBuildFile; fileRef = 1D45BDBD234992F5008510A9 /* MainMenu.xib */; };
		1D45BDC2234992F5008510A9 /* main.m in Sources */ = {isa = PBXBuildFile; fileRef = 1D45BDC1234992F5008510A9 /* main.m */; };
		1D45BDCC23499324008510A9 /* libpython2.7.tbd in Frameworks */ = {isa = PBXBuildFile; fileRef = 1D45BDCA23499324008510A9 /* libpython2.7.tbd */; };
		1D45BDCD23499324008510A9 /* Python.framework in Frameworks */ = {isa = PBXBuildFile; fileRef = 1D45BDCB23499324008510A9 /* Python.framework */; };
		1D45BDDB2349B2D4008510A9 /* filesanim.txt in Resources */ = {isa = PBXBuildFile; fileRef = 1D45BDD82349B2D4008510A9 /* filesanim.txt */; };
		1D45BDDC2349B2D4008510A9 /* filesanim1inv.txt in Resources */ = {isa = PBXBuildFile; fileRef = 1D45BDD92349B2D4008510A9 /* filesanim1inv.txt */; };
		1D45BDDD2349B2D4008510A9 /* filesanim3f1.txt in Resources */ = {isa = PBXBuildFile; fileRef = 1D45BDDA2349B2D4008510A9 /* filesanim3f1.txt */; };
		1D45BDE02349B2F7008510A9 /* Pentacle.png in Resources */ = {isa = PBXBuildFile; fileRef = 1D45BDDE2349B2F7008510A9 /* Pentacle.png */; };
		1D45BDE12349B2F7008510A9 /* spellbook_128.png in Resources */ = {isa = PBXBuildFile; fileRef = 1D45BDDF2349B2F7008510A9 /* spellbook_128.png */; };
		1D45BDE32349B301008510A9 /* pentacle_animated_invpentacle_ in Resources */ = {isa = PBXBuildFile; fileRef = 1D45BDE22349B301008510A9 /* pentacle_animated_invpentacle_ */; };
		1D45BDE52349B30D008510A9 /* pentacle_-logo_animated_f1pentacle_ in Resources */ = {isa = PBXBuildFile; fileRef = 1D45BDE42349B30D008510A9 /* pentacle_-logo_animated_f1pentacle_ */; };
		1D45BDE72349B321008510A9 /* logo-pentaclepentacle_ in Resources */ = {isa = PBXBuildFile; fileRef = 1D45BDE62349B321008510A9 /* logo-pentaclepentacle_ */; };
		1D45BDE92349B32C008510A9 /* spellbook_512.png in Resources */ = {isa = PBXBuildFile; fileRef = 1D45BDE82349B32C008510A9 /* spellbook_512.png */; };
		1D45BDEF2349B336008510A9 /* evil_fifty_year_old.wav in Resources */ = {isa = PBXBuildFile; fileRef = 1D45BDEA2349B336008510A9 /* evil_fifty_year_old.wav */; };
		1D45BDF02349B336008510A9 /* Ancient_Game_Magic_Revive.wav in Resources */ = {isa = PBXBuildFile; fileRef = 1D45BDEB2349B336008510A9 /* Ancient_Game_Magic_Revive.wav */; };
		1D45BDF12349B336008510A9 /* Magic_Game_Heal_Buff.wav in Resources */ = {isa = PBXBuildFile; fileRef = 1D45BDEC2349B336008510A9 /* Magic_Game_Heal_Buff.wav */; };
		1D45BDF22349B336008510A9 /* Sword_Of_Light.wav in Resources */ = {isa = PBXBuildFile; fileRef = 1D45BDED2349B336008510A9 /* Sword_Of_Light.wav */; };
		1D45BDF32349B336008510A9 /* Healing_Spell_Light_Buff.wav in Resources */ = {isa = PBXBuildFile; fileRef = 1D45BDEE2349B336008510A9 /* Healing_Spell_Light_Buff.wav */; };
/* End PBXBuildFile section */

/* Begin PBXFileReference section */
		1D45BDB5234992F2008510A9 /* SpellBook.app */ = {isa = PBXFileReference; explicitFileType = wrapper.application; includeInIndex = 0; path = SpellBook.app; sourceTree = BUILT_PRODUCTS_DIR; };
		1D45BDB8234992F2008510A9 /* AppDelegate.h */ = {isa = PBXFileReference; lastKnownFileType = sourcecode.c.h; path = AppDelegate.h; sourceTree = "<group>"; };
		1D45BDB9234992F2008510A9 /* AppDelegate.m */ = {isa = PBXFileReference; lastKnownFileType = sourcecode.c.objc; path = AppDelegate.m; sourceTree = "<group>"; };
		1D45BDBB234992F5008510A9 /* Assets.xcassets */ = {isa = PBXFileReference; lastKnownFileType = folder.assetcatalog; path = Assets.xcassets; sourceTree = "<group>"; };
		1D45BDBE234992F5008510A9 /* Base */ = {isa = PBXFileReference; lastKnownFileType = file.xib; name = Base; path = Base.lproj/MainMenu.xib; sourceTree = "<group>"; };
		1D45BDC0234992F5008510A9 /* Info.plist */ = {isa = PBXFileReference; lastKnownFileType = text.plist.xml; path = Info.plist; sourceTree = "<group>"; };
		1D45BDC1234992F5008510A9 /* main.m */ = {isa = PBXFileReference; lastKnownFileType = sourcecode.c.objc; path = main.m; sourceTree = "<group>"; };
		1D45BDC3234992F5008510A9 /* SpellBook.entitlements */ = {isa = PBXFileReference; lastKnownFileType = text.plist.entitlements; path = SpellBook.entitlements; sourceTree = "<group>"; };
		1D45BDCA23499324008510A9 /* libpython2.7.tbd */ = {isa = PBXFileReference; lastKnownFileType = "sourcecode.text-based-dylib-definition"; name = libpython2.7.tbd; path = usr/lib/libpython2.7.tbd; sourceTree = SDKROOT; };
		1D45BDCB23499324008510A9 /* Python.framework */ = {isa = PBXFileReference; lastKnownFileType = wrapper.framework; name = Python.framework; path = System/Library/Frameworks/Python.framework; sourceTree = SDKROOT; };
		1D45BDD82349B2D4008510A9 /* filesanim.txt */ = {isa = PBXFileReference; fileEncoding = 4; lastKnownFileType = text; name = filesanim.txt; path = images_res/filesanim.txt; sourceTree = "<group>"; };
		1D45BDD92349B2D4008510A9 /* filesanim1inv.txt */ = {isa = PBXFileReference; fileEncoding = 4; lastKnownFileType = text; name = filesanim1inv.txt; path = images_res/filesanim1inv.txt; sourceTree = "<group>"; };
		1D45BDDA2349B2D4008510A9 /* filesanim3f1.txt */ = {isa = PBXFileReference; fileEncoding = 4; lastKnownFileType = text; name = filesanim3f1.txt; path = images_res/filesanim3f1.txt; sourceTree = "<group>"; };
		1D45BDDE2349B2F7008510A9 /* Pentacle.png */ = {isa = PBXFileReference; lastKnownFileType = image.png; name = Pentacle.png; path = images_res/Pentacle.png; sourceTree = "<group>"; };
		1D45BDDF2349B2F7008510A9 /* spellbook_128.png */ = {isa = PBXFileReference; lastKnownFileType = image.png; name = spellbook_128.png; path = images_res/spellbook_128.png; sourceTree = "<group>"; };
		1D45BDE22349B301008510A9 /* pentacle_animated_invpentacle_ */ = {isa = PBXFileReference; lastKnownFileType = folder; name = pentacle_animated_invpentacle_; path = images_res/pentacle_animated_invpentacle_; sourceTree = "<group>"; };
		1D45BDE42349B30D008510A9 /* pentacle_-logo_animated_f1pentacle_ */ = {isa = PBXFileReference; lastKnownFileType = folder; name = "pentacle_-logo_animated_f1pentacle_"; path = "images_res/pentacle_-logo_animated_f1pentacle_"; sourceTree = "<group>"; };
		1D45BDE62349B321008510A9 /* logo-pentaclepentacle_ */ = {isa = PBXFileReference; lastKnownFileType = folder; name = "logo-pentaclepentacle_"; path = "images_res/logo-pentaclepentacle_"; sourceTree = "<group>"; };
		1D45BDE82349B32C008510A9 /* spellbook_512.png */ = {isa = PBXFileReference; lastKnownFileType = image.png; name = spellbook_512.png; path = images_res/spellbook_512.png; sourceTree = "<group>"; };
		1D45BDEA2349B336008510A9 /* evil_fifty_year_old.wav */ = {isa = PBXFileReference; lastKnownFileType = audio.wav; name = evil_fifty_year_old.wav; path = sounds/evil_fifty_year_old.wav; sourceTree = "<group>"; };
		1D45BDEB2349B336008510A9 /* Ancient_Game_Magic_Revive.wav */ = {isa = PBXFileReference; lastKnownFileType = audio.wav; name = Ancient_Game_Magic_Revive.wav; path = sounds/Ancient_Game_Magic_Revive.wav; sourceTree = "<group>"; };
		1D45BDEC2349B336008510A9 /* Magic_Game_Heal_Buff.wav */ = {isa = PBXFileReference; lastKnownFileType = audio.wav; name = Magic_Game_Heal_Buff.wav; path = sounds/Magic_Game_Heal_Buff.wav; sourceTree = "<group>"; };
		1D45BDED2349B336008510A9 /* Sword_Of_Light.wav */ = {isa = PBXFileReference; lastKnownFileType = audio.wav; name = Sword_Of_Light.wav; path = sounds/Sword_Of_Light.wav; sourceTree = "<group>"; };
		1D45BDEE2349B336008510A9 /* Healing_Spell_Light_Buff.wav */ = {isa = PBXFileReference; lastKnownFileType = audio.wav; name = Healing_Spell_Light_Buff.wav; path = sounds/Healing_Spell_Light_Buff.wav; sourceTree = "<group>"; };
/* End PBXFileReference section */

/* Begin PBXFrameworksBuildPhase section */
		1D45BDB2234992F2008510A9 /* Frameworks */ = {
			isa = PBXFrameworksBuildPhase;
			buildActionMask = 2147483647;
			files = (
				1D45BDCC23499324008510A9 /* libpython2.7.tbd in Frameworks */,
				1D45BDCD23499324008510A9 /* Python.framework in Frameworks */,
			);
			runOnlyForDeploymentPostprocessing = 0;
		};
/* End PBXFrameworksBuildPhase section */

/* Begin PBXGroup section */
		1D45BDAC234992F2008510A9 = {
			isa = PBXGroup;
			children = (
				1D45BDB7234992F2008510A9 /* SpellBook */,
				1D45BDB6234992F2008510A9 /* Products */,
				1D45BDC923499324008510A9 /* Frameworks */,
			);
			sourceTree = "<group>";
		};
		1D45BDB6234992F2008510A9 /* Products */ = {
			isa = PBXGroup;
			children = (
				1D45BDB5234992F2008510A9 /* SpellBook.app */,
			);
			name = Products;
			sourceTree = "<group>";
		};
		1D45BDB7234992F2008510A9 /* SpellBook */ = {
			isa = PBXGroup;
			children = (
				1D45BDEB2349B336008510A9 /* Ancient_Game_Magic_Revive.wav */,
				1D45BDEA2349B336008510A9 /* evil_fifty_year_old.wav */,
				1D45BDEE2349B336008510A9 /* Healing_Spell_Light_Buff.wav */,
				1D45BDEC2349B336008510A9 /* Magic_Game_Heal_Buff.wav */,
				1D45BDED2349B336008510A9 /* Sword_Of_Light.wav */,
				1D45BDE82349B32C008510A9 /* spellbook_512.png */,
				1D45BDE62349B321008510A9 /* logo-pentaclepentacle_ */,
				1D45BDE42349B30D008510A9 /* pentacle_-logo_animated_f1pentacle_ */,
				1D45BDE22349B301008510A9 /* pentacle_animated_invpentacle_ */,
				1D45BDDE2349B2F7008510A9 /* Pentacle.png */,
				1D45BDDF2349B2F7008510A9 /* spellbook_128.png */,
				1D45BDD82349B2D4008510A9 /* filesanim.txt */,
				1D45BDD92349B2D4008510A9 /* filesanim1inv.txt */,
				1D45BDDA2349B2D4008510A9 /* filesanim3f1.txt */,
				1D45BDB8234992F2008510A9 /* AppDelegate.h */,
				1D45BDB9234992F2008510A9 /* AppDelegate.m */,
				1D45BDBB234992F5008510A9 /* Assets.xcassets */,
				1D45BDBD234992F5008510A9 /* MainMenu.xib */,
				1D45BDC0234992F5008510A9 /* Info.plist */,
				1D45BDC1234992F5008510A9 /* main.m */,
				1D45BDC3234992F5008510A9 /* SpellBook.entitlements */,
			);
			path = SpellBook;
			sourceTree = "<group>";
		};
		1D45BDC923499324008510A9 /* Frameworks */ = {
			isa = PBXGroup;
			children = (
				1D45BDCA23499324008510A9 /* libpython2.7.tbd */,
				1D45BDCB23499324008510A9 /* Python.framework */,
			);
			name = Frameworks;
			sourceTree = "<group>";
		};
/* End PBXGroup section */

/* Begin PBXNativeTarget section */
		1D45BDB4234992F2008510A9 /* SpellBook */ = {
			isa = PBXNativeTarget;
			buildConfigurationList = 1D45BDC6234992F5008510A9 /* Build configuration list for PBXNativeTarget "SpellBook" */;
			buildPhases = (
				1D45BDB1234992F2008510A9 /* Sources */,
				1D45BDB2234992F2008510A9 /* Frameworks */,
				1D45BDB3234992F2008510A9 /* Resources */,
			);
			buildRules = (
			);
			dependencies = (
			);
			name = SpellBook;
			productName = SpellBook;
			productReference = 1D45BDB5234992F2008510A9 /* SpellBook.app */;
			productType = "com.apple.product-type.application";
		};
/* End PBXNativeTarget section */

/* Begin PBXProject section */
		1D45BDAD234992F2008510A9 /* Project object */ = {
			isa = PBXProject;
			attributes = {
				LastUpgradeCheck = 1030;
				ORGANIZATIONNAME = "Rick Sanchez";
				TargetAttributes = {
					1D45BDB4234992F2008510A9 = {
						CreatedOnToolsVersion = 10.3;
						SystemCapabilities = {
							com.apple.Sandbox = {
								enabled = 0;
							};
						};
					};
				};
			};
			buildConfigurationList = 1D45BDB0234992F2008510A9 /* Build configuration list for PBXProject "SpellBook" */;
			compatibilityVersion = "Xcode 9.3";
			developmentRegion = en;
			hasScannedForEncodings = 0;
			knownRegions = (
				en,
				Base,
			);
			mainGroup = 1D45BDAC234992F2008510A9;
			productRefGroup = 1D45BDB6234992F2008510A9 /* Products */;
			projectDirPath = "";
			projectRoot = "";
			targets = (
				1D45BDB4234992F2008510A9 /* SpellBook */,
			);
		};
/* End PBXProject section */

/* Begin PBXResourcesBuildPhase section */
		1D45BDB3234992F2008510A9 /* Resources */ = {
			isa = PBXResourcesBuildPhase;
			buildActionMask = 2147483647;
			files = (
				1D45BDBC234992F5008510A9 /* Assets.xcassets in Resources */,
				1D45BDF12349B336008510A9 /* Magic_Game_Heal_Buff.wav in Resources */,
				1D45BDDC2349B2D4008510A9 /* filesanim1inv.txt in Resources */,
				1D45BDDB2349B2D4008510A9 /* filesanim.txt in Resources */,
				1D45BDE72349B321008510A9 /* logo-pentaclepentacle_ in Resources */,
				1D45BDF02349B336008510A9 /* Ancient_Game_Magic_Revive.wav in Resources */,
				1D45BDE92349B32C008510A9 /* spellbook_512.png in Resources */,
				1D45BDE32349B301008510A9 /* pentacle_animated_invpentacle_ in Resources */,
				1D45BDF32349B336008510A9 /* Healing_Spell_Light_Buff.wav in Resources */,
				1D45BDE12349B2F7008510A9 /* spellbook_128.png in Resources */,
				1D45BDE02349B2F7008510A9 /* Pentacle.png in Resources */,
				1D45BDE52349B30D008510A9 /* pentacle_-logo_animated_f1pentacle_ in Resources */,
				1D45BDBF234992F5008510A9 /* MainMenu.xib in Resources */,
				1D45BDEF2349B336008510A9 /* evil_fifty_year_old.wav in Resources */,
				1D45BDDD2349B2D4008510A9 /* filesanim3f1.txt in Resources */,
				1D45BDF22349B336008510A9 /* Sword_Of_Light.wav in Resources */,
			);
			runOnlyForDeploymentPostprocessing = 0;
		};
/* End PBXResourcesBuildPhase section */

/* Begin PBXSourcesBuildPhase section */
		1D45BDB1234992F2008510A9 /* Sources */ = {
			isa = PBXSourcesBuildPhase;
			buildActionMask = 2147483647;
			files = (
				1D45BDC2234992F5008510A9 /* main.m in Sources */,
				1D45BDBA234992F2008510A9 /* AppDelegate.m in Sources */,
			);
			runOnlyForDeploymentPostprocessing = 0;
		};
/* End PBXSourcesBuildPhase section */

/* Begin PBXVariantGroup section */
		1D45BDBD234992F5008510A9 /* MainMenu.xib */ = {
			isa = PBXVariantGroup;
			children = (
				1D45BDBE234992F5008510A9 /* Base */,
			);
			name = MainMenu.xib;
			sourceTree = "<group>";
		};
/* End PBXVariantGroup section */

/* Begin XCBuildConfiguration section */
		1D45BDC4234992F5008510A9 /* Debug */ = {
			isa = XCBuildConfiguration;
			buildSettings = {
				ALWAYS_SEARCH_USER_PATHS = NO;
				CLANG_ANALYZER_NONNULL = YES;
				CLANG_ANALYZER_NUMBER_OBJECT_CONVERSION = YES_AGGRESSIVE;
				CLANG_CXX_LANGUAGE_STANDARD = "gnu++14";
				CLANG_CXX_LIBRARY = "libc++";
				CLANG_ENABLE_MODULES = YES;
				CLANG_ENABLE_OBJC_ARC = YES;
				CLANG_ENABLE_OBJC_WEAK = YES;
				CLANG_WARN_BLOCK_CAPTURE_AUTORELEASING = YES;
				CLANG_WARN_BOOL_CONVERSION = YES;
				CLANG_WARN_COMMA = YES;
				CLANG_WARN_CONSTANT_CONVERSION = YES;
				CLANG_WARN_DEPRECATED_OBJC_IMPLEMENTATIONS = YES;
				CLANG_WARN_DIRECT_OBJC_ISA_USAGE = YES_ERROR;
				CLANG_WARN_DOCUMENTATION_COMMENTS = YES;
				CLANG_WARN_EMPTY_BODY = YES;
				CLANG_WARN_ENUM_CONVERSION = YES;
				CLANG_WARN_INFINITE_RECURSION = YES;
				CLANG_WARN_INT_CONVERSION = YES;
				CLANG_WARN_NON_LITERAL_NULL_CONVERSION = YES;
				CLANG_WARN_OBJC_IMPLICIT_RETAIN_SELF = YES;
				CLANG_WARN_OBJC_LITERAL_CONVERSION = YES;
				CLANG_WARN_OBJC_ROOT_CLASS = YES_ERROR;
				CLANG_WARN_RANGE_LOOP_ANALYSIS = YES;
				CLANG_WARN_STRICT_PROTOTYPES = YES;
				CLANG_WARN_SUSPICIOUS_MOVE = YES;
				CLANG_WARN_UNGUARDED_AVAILABILITY = YES_AGGRESSIVE;
				CLANG_WARN_UNREACHABLE_CODE = YES;
				CLANG_WARN__DUPLICATE_METHOD_MATCH = YES;
				CODE_SIGN_IDENTITY = "-";
				COPY_PHASE_STRIP = NO;
				DEBUG_INFORMATION_FORMAT = dwarf;
				ENABLE_STRICT_OBJC_MSGSEND = YES;
				ENABLE_TESTABILITY = YES;
				GCC_C_LANGUAGE_STANDARD = gnu11;
				GCC_DYNAMIC_NO_PIC = NO;
				GCC_NO_COMMON_BLOCKS = YES;
				GCC_OPTIMIZATION_LEVEL = 0;
				GCC_PREPROCESSOR_DEFINITIONS = (
					"DEBUG=1",
					"$(inherited)",
				);
				GCC_WARN_64_TO_32_BIT_CONVERSION = YES;
				GCC_WARN_ABOUT_RETURN_TYPE = YES_ERROR;
				GCC_WARN_UNDECLARED_SELECTOR = YES;
				GCC_WARN_UNINITIALIZED_AUTOS = YES_AGGRESSIVE;
				GCC_WARN_UNUSED_FUNCTION = YES;
				GCC_WARN_UNUSED_VARIABLE = YES;
				MACOSX_DEPLOYMENT_TARGET = 10.14;
				MTL_ENABLE_DEBUG_INFO = INCLUDE_SOURCE;
				MTL_FAST_MATH = YES;
				ONLY_ACTIVE_ARCH = YES;
				SDKROOT = macosx;
			};
			name = Debug;
		};
		1D45BDC5234992F5008510A9 /* Release */ = {
			isa = XCBuildConfiguration;
			buildSettings = {
				ALWAYS_SEARCH_USER_PATHS = NO;
				CLANG_ANALYZER_NONNULL = YES;
				CLANG_ANALYZER_NUMBER_OBJECT_CONVERSION = YES_AGGRESSIVE;
				CLANG_CXX_LANGUAGE_STANDARD = "gnu++14";
				CLANG_CXX_LIBRARY = "libc++";
				CLANG_ENABLE_MODULES = YES;
				CLANG_ENABLE_OBJC_ARC = YES;
				CLANG_ENABLE_OBJC_WEAK = YES;
				CLANG_WARN_BLOCK_CAPTURE_AUTORELEASING = YES;
				CLANG_WARN_BOOL_CONVERSION = YES;
				CLANG_WARN_COMMA = YES;
				CLANG_WARN_CONSTANT_CONVERSION = YES;
				CLANG_WARN_DEPRECATED_OBJC_IMPLEMENTATIONS = YES;
				CLANG_WARN_DIRECT_OBJC_ISA_USAGE = YES_ERROR;
				CLANG_WARN_DOCUMENTATION_COMMENTS = YES;
				CLANG_WARN_EMPTY_BODY = YES;
				CLANG_WARN_ENUM_CONVERSION = YES;
				CLANG_WARN_INFINITE_RECURSION = YES;
				CLANG_WARN_INT_CONVERSION = YES;
				CLANG_WARN_NON_LITERAL_NULL_CONVERSION = YES;
				CLANG_WARN_OBJC_IMPLICIT_RETAIN_SELF = YES;
				CLANG_WARN_OBJC_LITERAL_CONVERSION = YES;
				CLANG_WARN_OBJC_ROOT_CLASS = YES_ERROR;
				CLANG_WARN_RANGE_LOOP_ANALYSIS = YES;
				CLANG_WARN_STRICT_PROTOTYPES = YES;
				CLANG_WARN_SUSPICIOUS_MOVE = YES;
				CLANG_WARN_UNGUARDED_AVAILABILITY = YES_AGGRESSIVE;
				CLANG_WARN_UNREACHABLE_CODE = YES;
				CLANG_WARN__DUPLICATE_METHOD_MATCH = YES;
				CODE_SIGN_IDENTITY = "-";
				COPY_PHASE_STRIP = NO;
				DEBUG_INFORMATION_FORMAT = "dwarf-with-dsym";
				ENABLE_NS_ASSERTIONS = NO;
				ENABLE_STRICT_OBJC_MSGSEND = YES;
				GCC_C_LANGUAGE_STANDARD = gnu11;
				GCC_NO_COMMON_BLOCKS = YES;
				GCC_WARN_64_TO_32_BIT_CONVERSION = YES;
				GCC_WARN_ABOUT_RETURN_TYPE = YES_ERROR;
				GCC_WARN_UNDECLARED_SELECTOR = YES;
				GCC_WARN_UNINITIALIZED_AUTOS = YES_AGGRESSIVE;
				GCC_WARN_UNUSED_FUNCTION = YES;
				GCC_WARN_UNUSED_VARIABLE = YES;
				MACOSX_DEPLOYMENT_TARGET = 10.14;
				MTL_ENABLE_DEBUG_INFO = NO;
				MTL_FAST_MATH = YES;
				SDKROOT = macosx;
			};
			name = Release;
		};
		1D45BDC7234992F5008510A9 /* Debug */ = {
			isa = XCBuildConfiguration;
			buildSettings = {
				ASSETCATALOG_COMPILER_APPICON_NAME = AppIcon;
				CODE_SIGN_STYLE = Automatic;
				COMBINE_HIDPI_IMAGES = YES;
				INFOPLIST_FILE = SpellBook/Info.plist;
				LD_RUNPATH_SEARCH_PATHS = (
					"$(inherited)",
					"@executable_path/../Frameworks",
				);
				MACOSX_DEPLOYMENT_TARGET = 10.9;
				PRODUCT_BUNDLE_IDENTIFIER = fr.informabox.SpellBook;
				PRODUCT_NAME = "$(TARGET_NAME)";
			};
			name = Debug;
		};
		1D45BDC8234992F5008510A9 /* Release */ = {
			isa = XCBuildConfiguration;
			buildSettings = {
				ASSETCATALOG_COMPILER_APPICON_NAME = AppIcon;
				CODE_SIGN_STYLE = Automatic;
				COMBINE_HIDPI_IMAGES = YES;
				INFOPLIST_FILE = SpellBook/Info.plist;
				LD_RUNPATH_SEARCH_PATHS = (
					"$(inherited)",
					"@executable_path/../Frameworks",
				);
				MACOSX_DEPLOYMENT_TARGET = 10.9;
				PRODUCT_BUNDLE_IDENTIFIER = fr.informabox.SpellBook;
				PRODUCT_NAME = "$(TARGET_NAME)";
			};
			name = Release;
		};
/* End XCBuildConfiguration section */

/* Begin XCConfigurationList section */
		1D45BDB0234992F2008510A9 /* Build configuration list for PBXProject "SpellBook" */ = {
			isa = XCConfigurationList;
			buildConfigurations = (
				1D45BDC4234992F5008510A9 /* Debug */,
				1D45BDC5234992F5008510A9 /* Release */,
			);
			defaultConfigurationIsVisible = 0;
			defaultConfigurationName = Release;
		};
		1D45BDC6234992F5008510A9 /* Build configuration list for PBXNativeTarget "SpellBook" */ = {
			isa = XCConfigurationList;
			buildConfigurations = (
				1D45BDC7234992F5008510A9 /* Debug */,
				1D45BDC8234992F5008510A9 /* Release */,
			);
			defaultConfigurationIsVisible = 0;
			defaultConfigurationName = Release;
		};
/* End XCConfigurationList section */
	};
	rootObject = 1D45BDAD234992F2008510A9 /* Project object */;
}
